
Microsoft Visual Studio Solution File, Format Version 11.00
# Visual Studio 2010
Project("{FAE04EC0-301F-11D3-BF4B-00C04F79EFBC}") = "MyOrm", "MyOrm\MyOrm.csproj", "{BD1B3BA9-A527-4E9B-9AD8-3847AE5DACAA}"
EndProject
Project("{FAE04EC0-301F-11D3-BF4B-00C04F79EFBC}") = "MyOrm.Common", "MyOrm.Common\MyOrm.Common.csproj", "{C43F1A98-E5AA-4D5B-A014-01CDA10092FA}"
EndProject
Global
	GlobalSection(TeamFoundationVersionControl) = preSolution
		SccNumberOfProjects = 3
		SccEnterpriseProvider = {4CA58AB2-18FA-4F8D-95D4-32DDF27D184C}
		SccTeamFoundationServer = https://tfs.codeplex.com/tfs/tfs08
		SccLocalPath0 = .
		SccProjectUniqueName1 = MyOrm.Common\\MyOrm.Common.csproj
		SccProjectName1 = MyOrm.Common
		SccLocalPath1 = MyOrm.Common
		SccProjectUniqueName2 = MyOrm\\MyOrm.csproj
		SccProjectName2 = MyOrm
		SccLocalPath2 = MyOrm
	EndGlobalSection
	GlobalSection(SolutionConfigurationPlatforms) = preSolution
		Debug|Any CPU = Debug|Any CPU
		Release|Any CPU = Release|Any CPU
	EndGlobalSection
	GlobalSection(ProjectConfigurationPlatforms) = postSolution
		{BD1B3BA9-A527-4E9B-9AD8-3847AE5DACAA}.Debug|Any CPU.ActiveCfg = Debug|Any CPU
		{BD1B3BA9-A527-4E9B-9AD8-3847AE5DACAA}.Debug|Any CPU.Build.0 = Debug|Any CPU
		{BD1B3BA9-A527-4E9B-9AD8-3847AE5DACAA}.Release|Any CPU.ActiveCfg = Release|Any CPU
		{BD1B3BA9-A527-4E9B-9AD8-3847AE5DACAA}.Release|Any CPU.Build.0 = Release|Any CPU
		{C43F1A98-E5AA-4D5B-A014-01CDA10092FA}.Debug|Any CPU.ActiveCfg = Debug|Any CPU
		{C43F1A98-E5AA-4D5B-A014-01CDA10092FA}.Debug|Any CPU.Build.0 = Debug|Any CPU
		{C43F1A98-E5AA-4D5B-A014-01CDA10092FA}.Release|Any CPU.ActiveCfg = Release|Any CPU
		{C43F1A98-E5AA-4D5B-A014-01CDA10092FA}.Release|Any CPU.Build.0 = Release|Any CPU
	EndGlobalSection
	GlobalSection(SolutionProperties) = preSolution
		HideSolutionNode = FALSE
	EndGlobalSection
	GlobalSection(SubversionScc) = preSolution
		Svn-Managed = True
		Manager = AnkhSVN - Subversion Support for Visual Studio
	EndGlobalSection
EndGlobal
