
Microsoft Visual Studio Solution File, Format Version 11.00
# Visual Studio 2010
Project("{FAE04EC0-301F-11D3-BF4B-00C04F79EFBC}") = "SampleService", "SampleService\SampleService.csproj", "{4AFDAD3C-53C6-43C7-949F-8E4A0A7FB0A0}"
EndProject
Project("{FAE04EC0-301F-11D3-BF4B-00C04F79EFBC}") = "Northwind.Data", "Northwind.Data\Northwind.Data.csproj", "{2248AF91-D547-4C9A-AA3C-E8C7613CE561}"
EndProject
Project("{FAE04EC0-301F-11D3-BF4B-00C04F79EFBC}") = "Sample1", "Sample1\Sample1.csproj", "{C1AD6519-153A-4104-B8AE-3EA8265B9FCA}"
EndProject
Project("{FAE04EC0-301F-11D3-BF4B-00C04F79EFBC}") = "SampleWeb1", "SampleWeb1\SampleWeb1.csproj", "{990E657F-5C0C-44DC-9AF8-609413521141}"
EndProject
Project("{FAE04EC0-301F-11D3-BF4B-00C04F79EFBC}") = "Northwind.DAO", "Northwind.DAO\Northwind.DAO.csproj", "{DC0F00F7-91DF-4E22-9F83-D1BCD9BCFB66}"
EndProject
Project("{FAE04EC0-301F-11D3-BF4B-00C04F79EFBC}") = "Northwind.Business", "Northwind.Business\Northwind.Business.csproj", "{99A20EE1-686D-41BD-95B8-0BB1DA41B265}"
EndProject
Project("{FAE04EC0-301F-11D3-BF4B-00C04F79EFBC}") = "Northwind.Contract", "Northwind.Contract\Northwind.Contract.csproj", "{8B95CA4A-2081-4AEA-B563-632B015B2AAF}"
EndProject
Project("{FAE04EC0-301F-11D3-BF4B-00C04F79EFBC}") = "Northwind.RemoteAPI", "Northwind.RemoteAPI\Northwind.RemoteAPI.csproj", "{634F4F78-0190-4DAE-A834-306CEF49D6E3}"
EndProject
Global
	GlobalSection(TeamFoundationVersionControl) = preSolution
		SccNumberOfProjects = 9
		SccEnterpriseProvider = {4CA58AB2-18FA-4F8D-95D4-32DDF27D184C}
		SccTeamFoundationServer = https://tfs.codeplex.com/tfs/tfs08
		SccLocalPath0 = .
		SccProjectUniqueName1 = SampleService\\SampleService.csproj
		SccProjectName1 = SampleService
		SccLocalPath1 = SampleService
		SccProjectUniqueName2 = Northwind.Data\\Northwind.Data.csproj
		SccProjectName2 = Northwind.Data
		SccLocalPath2 = Northwind.Data
		SccProjectUniqueName3 = Sample1\\Sample1.csproj
		SccProjectName3 = Sample1
		SccLocalPath3 = Sample1
		SccProjectUniqueName4 = SampleWeb1\\SampleWeb1.csproj
		SccProjectName4 = SampleWeb1
		SccLocalPath4 = SampleWeb1
		SccProjectUniqueName5 = Northwind.DAO\\Northwind.DAO.csproj
		SccProjectName5 = Northwind.DAO
		SccLocalPath5 = Northwind.DAO
		SccProjectUniqueName6 = Northwind.Business\\Northwind.Business.csproj
		SccProjectName6 = Northwind.Business
		SccLocalPath6 = Northwind.Business
		SccProjectUniqueName7 = Northwind.Contract\\Northwind.Contract.csproj
		SccProjectName7 = Northwind.Contract
		SccLocalPath7 = Northwind.Contract
		SccProjectUniqueName8 = Northwind.RemoteAPI\\Northwind.RemoteAPI.csproj
		SccProjectName8 = Northwind.RemoteAPI
		SccLocalPath8 = Northwind.RemoteAPI
	EndGlobalSection
	GlobalSection(SolutionConfigurationPlatforms) = preSolution
		Debug|Any CPU = Debug|Any CPU
		Debug|Mixed Platforms = Debug|Mixed Platforms
		Debug|x86 = Debug|x86
		Release|Any CPU = Release|Any CPU
		Release|Mixed Platforms = Release|Mixed Platforms
		Release|x86 = Release|x86
	EndGlobalSection
	GlobalSection(ProjectConfigurationPlatforms) = postSolution
		{4AFDAD3C-53C6-43C7-949F-8E4A0A7FB0A0}.Debug|Any CPU.ActiveCfg = Debug|Any CPU
		{4AFDAD3C-53C6-43C7-949F-8E4A0A7FB0A0}.Debug|Any CPU.Build.0 = Debug|Any CPU
		{4AFDAD3C-53C6-43C7-949F-8E4A0A7FB0A0}.Debug|Mixed Platforms.ActiveCfg = Debug|Any CPU
		{4AFDAD3C-53C6-43C7-949F-8E4A0A7FB0A0}.Debug|Mixed Platforms.Build.0 = Debug|Any CPU
		{4AFDAD3C-53C6-43C7-949F-8E4A0A7FB0A0}.Debug|x86.ActiveCfg = Debug|Any CPU
		{4AFDAD3C-53C6-43C7-949F-8E4A0A7FB0A0}.Release|Any CPU.ActiveCfg = Release|Any CPU
		{4AFDAD3C-53C6-43C7-949F-8E4A0A7FB0A0}.Release|Any CPU.Build.0 = Release|Any CPU
		{4AFDAD3C-53C6-43C7-949F-8E4A0A7FB0A0}.Release|Mixed Platforms.ActiveCfg = Release|Any CPU
		{4AFDAD3C-53C6-43C7-949F-8E4A0A7FB0A0}.Release|Mixed Platforms.Build.0 = Release|Any CPU
		{4AFDAD3C-53C6-43C7-949F-8E4A0A7FB0A0}.Release|x86.ActiveCfg = Release|Any CPU
		{2248AF91-D547-4C9A-AA3C-E8C7613CE561}.Debug|Any CPU.ActiveCfg = Debug|Any CPU
		{2248AF91-D547-4C9A-AA3C-E8C7613CE561}.Debug|Any CPU.Build.0 = Debug|Any CPU
		{2248AF91-D547-4C9A-AA3C-E8C7613CE561}.Debug|Mixed Platforms.ActiveCfg = Debug|Any CPU
		{2248AF91-D547-4C9A-AA3C-E8C7613CE561}.Debug|Mixed Platforms.Build.0 = Debug|Any CPU
		{2248AF91-D547-4C9A-AA3C-E8C7613CE561}.Debug|x86.ActiveCfg = Debug|Any CPU
		{2248AF91-D547-4C9A-AA3C-E8C7613CE561}.Release|Any CPU.ActiveCfg = Release|Any CPU
		{2248AF91-D547-4C9A-AA3C-E8C7613CE561}.Release|Any CPU.Build.0 = Release|Any CPU
		{2248AF91-D547-4C9A-AA3C-E8C7613CE561}.Release|Mixed Platforms.ActiveCfg = Release|Any CPU
		{2248AF91-D547-4C9A-AA3C-E8C7613CE561}.Release|Mixed Platforms.Build.0 = Release|Any CPU
		{2248AF91-D547-4C9A-AA3C-E8C7613CE561}.Release|x86.ActiveCfg = Release|Any CPU
		{C1AD6519-153A-4104-B8AE-3EA8265B9FCA}.Debug|Any CPU.ActiveCfg = Debug|Any CPU
		{C1AD6519-153A-4104-B8AE-3EA8265B9FCA}.Debug|Any CPU.Build.0 = Debug|Any CPU
		{C1AD6519-153A-4104-B8AE-3EA8265B9FCA}.Debug|Mixed Platforms.ActiveCfg = Debug|Any CPU
		{C1AD6519-153A-4104-B8AE-3EA8265B9FCA}.Debug|Mixed Platforms.Build.0 = Debug|Any CPU
		{C1AD6519-153A-4104-B8AE-3EA8265B9FCA}.Debug|x86.ActiveCfg = Debug|Any CPU
		{C1AD6519-153A-4104-B8AE-3EA8265B9FCA}.Release|Any CPU.ActiveCfg = Release|Any CPU
		{C1AD6519-153A-4104-B8AE-3EA8265B9FCA}.Release|Any CPU.Build.0 = Release|Any CPU
		{C1AD6519-153A-4104-B8AE-3EA8265B9FCA}.Release|Mixed Platforms.ActiveCfg = Release|Any CPU
		{C1AD6519-153A-4104-B8AE-3EA8265B9FCA}.Release|Mixed Platforms.Build.0 = Release|Any CPU
		{C1AD6519-153A-4104-B8AE-3EA8265B9FCA}.Release|x86.ActiveCfg = Release|Any CPU
		{990E657F-5C0C-44DC-9AF8-609413521141}.Debug|Any CPU.ActiveCfg = Debug|Any CPU
		{990E657F-5C0C-44DC-9AF8-609413521141}.Debug|Any CPU.Build.0 = Debug|Any CPU
		{990E657F-5C0C-44DC-9AF8-609413521141}.Debug|Mixed Platforms.ActiveCfg = Debug|Any CPU
		{990E657F-5C0C-44DC-9AF8-609413521141}.Debug|Mixed Platforms.Build.0 = Debug|Any CPU
		{990E657F-5C0C-44DC-9AF8-609413521141}.Debug|x86.ActiveCfg = Debug|Any CPU
		{990E657F-5C0C-44DC-9AF8-609413521141}.Release|Any CPU.ActiveCfg = Release|Any CPU
		{990E657F-5C0C-44DC-9AF8-609413521141}.Release|Any CPU.Build.0 = Release|Any CPU
		{990E657F-5C0C-44DC-9AF8-609413521141}.Release|Mixed Platforms.ActiveCfg = Release|Any CPU
		{990E657F-5C0C-44DC-9AF8-609413521141}.Release|Mixed Platforms.Build.0 = Release|Any CPU
		{990E657F-5C0C-44DC-9AF8-609413521141}.Release|x86.ActiveCfg = Release|Any CPU
		{DC0F00F7-91DF-4E22-9F83-D1BCD9BCFB66}.Debug|Any CPU.ActiveCfg = Debug|x86
		{DC0F00F7-91DF-4E22-9F83-D1BCD9BCFB66}.Debug|Mixed Platforms.ActiveCfg = Debug|x86
		{DC0F00F7-91DF-4E22-9F83-D1BCD9BCFB66}.Debug|Mixed Platforms.Build.0 = Debug|x86
		{DC0F00F7-91DF-4E22-9F83-D1BCD9BCFB66}.Debug|x86.ActiveCfg = Debug|x86
		{DC0F00F7-91DF-4E22-9F83-D1BCD9BCFB66}.Debug|x86.Build.0 = Debug|x86
		{DC0F00F7-91DF-4E22-9F83-D1BCD9BCFB66}.Release|Any CPU.ActiveCfg = Release|x86
		{DC0F00F7-91DF-4E22-9F83-D1BCD9BCFB66}.Release|Mixed Platforms.ActiveCfg = Release|x86
		{DC0F00F7-91DF-4E22-9F83-D1BCD9BCFB66}.Release|Mixed Platforms.Build.0 = Release|x86
		{DC0F00F7-91DF-4E22-9F83-D1BCD9BCFB66}.Release|x86.ActiveCfg = Release|x86
		{DC0F00F7-91DF-4E22-9F83-D1BCD9BCFB66}.Release|x86.Build.0 = Release|x86
		{99A20EE1-686D-41BD-95B8-0BB1DA41B265}.Debug|Any CPU.ActiveCfg = Debug|Any CPU
		{99A20EE1-686D-41BD-95B8-0BB1DA41B265}.Debug|Any CPU.Build.0 = Debug|Any CPU
		{99A20EE1-686D-41BD-95B8-0BB1DA41B265}.Debug|Mixed Platforms.ActiveCfg = Debug|Any CPU
		{99A20EE1-686D-41BD-95B8-0BB1DA41B265}.Debug|Mixed Platforms.Build.0 = Debug|Any CPU
		{99A20EE1-686D-41BD-95B8-0BB1DA41B265}.Debug|x86.ActiveCfg = Debug|Any CPU
		{99A20EE1-686D-41BD-95B8-0BB1DA41B265}.Release|Any CPU.ActiveCfg = Release|Any CPU
		{99A20EE1-686D-41BD-95B8-0BB1DA41B265}.Release|Any CPU.Build.0 = Release|Any CPU
		{99A20EE1-686D-41BD-95B8-0BB1DA41B265}.Release|Mixed Platforms.ActiveCfg = Release|Any CPU
		{99A20EE1-686D-41BD-95B8-0BB1DA41B265}.Release|Mixed Platforms.Build.0 = Release|Any CPU
		{99A20EE1-686D-41BD-95B8-0BB1DA41B265}.Release|x86.ActiveCfg = Release|Any CPU
		{8B95CA4A-2081-4AEA-B563-632B015B2AAF}.Debug|Any CPU.ActiveCfg = Debug|Any CPU
		{8B95CA4A-2081-4AEA-B563-632B015B2AAF}.Debug|Any CPU.Build.0 = Debug|Any CPU
		{8B95CA4A-2081-4AEA-B563-632B015B2AAF}.Debug|Mixed Platforms.ActiveCfg = Debug|Any CPU
		{8B95CA4A-2081-4AEA-B563-632B015B2AAF}.Debug|Mixed Platforms.Build.0 = Debug|Any CPU
		{8B95CA4A-2081-4AEA-B563-632B015B2AAF}.Debug|x86.ActiveCfg = Debug|Any CPU
		{8B95CA4A-2081-4AEA-B563-632B015B2AAF}.Release|Any CPU.ActiveCfg = Release|Any CPU
		{8B95CA4A-2081-4AEA-B563-632B015B2AAF}.Release|Any CPU.Build.0 = Release|Any CPU
		{8B95CA4A-2081-4AEA-B563-632B015B2AAF}.Release|Mixed Platforms.ActiveCfg = Release|Any CPU
		{8B95CA4A-2081-4AEA-B563-632B015B2AAF}.Release|Mixed Platforms.Build.0 = Release|Any CPU
		{8B95CA4A-2081-4AEA-B563-632B015B2AAF}.Release|x86.ActiveCfg = Release|Any CPU
		{634F4F78-0190-4DAE-A834-306CEF49D6E3}.Debug|Any CPU.ActiveCfg = Debug|Any CPU
		{634F4F78-0190-4DAE-A834-306CEF49D6E3}.Debug|Any CPU.Build.0 = Debug|Any CPU
		{634F4F78-0190-4DAE-A834-306CEF49D6E3}.Debug|Mixed Platforms.ActiveCfg = Debug|Any CPU
		{634F4F78-0190-4DAE-A834-306CEF49D6E3}.Debug|Mixed Platforms.Build.0 = Debug|Any CPU
		{634F4F78-0190-4DAE-A834-306CEF49D6E3}.Debug|x86.ActiveCfg = Debug|Any CPU
		{634F4F78-0190-4DAE-A834-306CEF49D6E3}.Release|Any CPU.ActiveCfg = Release|Any CPU
		{634F4F78-0190-4DAE-A834-306CEF49D6E3}.Release|Any CPU.Build.0 = Release|Any CPU
		{634F4F78-0190-4DAE-A834-306CEF49D6E3}.Release|Mixed Platforms.ActiveCfg = Release|Any CPU
		{634F4F78-0190-4DAE-A834-306CEF49D6E3}.Release|Mixed Platforms.Build.0 = Release|Any CPU
		{634F4F78-0190-4DAE-A834-306CEF49D6E3}.Release|x86.ActiveCfg = Release|Any CPU
	EndGlobalSection
	GlobalSection(SolutionProperties) = preSolution
		HideSolutionNode = FALSE
	EndGlobalSection
	GlobalSection(SubversionScc) = preSolution
		Svn-Managed = True
		Manager = AnkhSVN - Subversion Support for Visual Studio
	EndGlobalSection
EndGlobal
