
Microsoft Visual Studio Solution File, Format Version 9.00
# Visual Studio 2005
Project("{FAE04EC0-301F-11D3-BF4B-00C04F79EFBC}") = "Northwind.Data", "Northwind.Data\Northwind.Data.csproj", "{F51FF5F7-4C99-49C1-95D6-88173B41C275}"
	ProjectSection(WebsiteProperties) = preProject
		Debug.AspNetCompiler.Debug = "True"
		Release.AspNetCompiler.Debug = "False"
	EndProjectSection
EndProject
Project("{FAE04EC0-301F-11D3-BF4B-00C04F79EFBC}") = "Sample1", "Sample1\Sample1.csproj", "{C1AD6519-153A-4104-B8AE-3EA8265B9FCA}"
	ProjectSection(WebsiteProperties) = preProject
		Debug.AspNetCompiler.Debug = "True"
		Release.AspNetCompiler.Debug = "False"
	EndProjectSection
EndProject
Project("{FAE04EC0-301F-11D3-BF4B-00C04F79EFBC}") = "Sample2", "Sample2\Sample2.csproj", "{D45E8BD6-374C-4A06-BACA-A4D38ED4AFFA}"
	ProjectSection(WebsiteProperties) = preProject
		Debug.AspNetCompiler.Debug = "True"
		Release.AspNetCompiler.Debug = "False"
	EndProjectSection
EndProject
Project("{FAE04EC0-301F-11D3-BF4B-00C04F79EFBC}") = "SampleService", "SampleService\SampleService.csproj", "{4AFDAD3C-53C6-43C7-949F-8E4A0A7FB0A0}"
	ProjectSection(WebsiteProperties) = preProject
		Debug.AspNetCompiler.Debug = "True"
		Release.AspNetCompiler.Debug = "False"
	EndProjectSection
EndProject
Project("{FAE04EC0-301F-11D3-BF4B-00C04F79EFBC}") = "Sample3", "Sample3\Sample3.csproj", "{1B9BB12E-5E90-4493-B6B1-08FFC89D9F77}"
	ProjectSection(WebsiteProperties) = preProject
		Debug.AspNetCompiler.Debug = "True"
		Release.AspNetCompiler.Debug = "False"
	EndProjectSection
	ProjectSection(ProjectDependencies) = postProject
		{4AFDAD3C-53C6-43C7-949F-8E4A0A7FB0A0} = {4AFDAD3C-53C6-43C7-949F-8E4A0A7FB0A0}
	EndProjectSection
EndProject
Global
	GlobalSection(SubversionScc) = preSolution
		Svn-Managed = True
		Manager = AnkhSVN - Subversion Support for Visual Studio
	EndGlobalSection
	GlobalSection(SolutionConfigurationPlatforms) = preSolution
		Debug|Any CPU = Debug|Any CPU
		Release|Any CPU = Release|Any CPU
	EndGlobalSection
	GlobalSection(ProjectConfigurationPlatforms) = postSolution
		{F51FF5F7-4C99-49C1-95D6-88173B41C275}.Debug|Any CPU.ActiveCfg = Debug|Any CPU
		{F51FF5F7-4C99-49C1-95D6-88173B41C275}.Debug|Any CPU.Build.0 = Debug|Any CPU
		{F51FF5F7-4C99-49C1-95D6-88173B41C275}.Release|Any CPU.ActiveCfg = Release|Any CPU
		{F51FF5F7-4C99-49C1-95D6-88173B41C275}.Release|Any CPU.Build.0 = Release|Any CPU
		{C1AD6519-153A-4104-B8AE-3EA8265B9FCA}.Debug|Any CPU.ActiveCfg = Debug|Any CPU
		{C1AD6519-153A-4104-B8AE-3EA8265B9FCA}.Debug|Any CPU.Build.0 = Debug|Any CPU
		{C1AD6519-153A-4104-B8AE-3EA8265B9FCA}.Release|Any CPU.ActiveCfg = Release|Any CPU
		{C1AD6519-153A-4104-B8AE-3EA8265B9FCA}.Release|Any CPU.Build.0 = Release|Any CPU
		{D45E8BD6-374C-4A06-BACA-A4D38ED4AFFA}.Debug|Any CPU.ActiveCfg = Debug|Any CPU
		{D45E8BD6-374C-4A06-BACA-A4D38ED4AFFA}.Debug|Any CPU.Build.0 = Debug|Any CPU
		{D45E8BD6-374C-4A06-BACA-A4D38ED4AFFA}.Release|Any CPU.ActiveCfg = Release|Any CPU
		{D45E8BD6-374C-4A06-BACA-A4D38ED4AFFA}.Release|Any CPU.Build.0 = Release|Any CPU
		{4AFDAD3C-53C6-43C7-949F-8E4A0A7FB0A0}.Debug|Any CPU.ActiveCfg = Debug|Any CPU
		{4AFDAD3C-53C6-43C7-949F-8E4A0A7FB0A0}.Debug|Any CPU.Build.0 = Debug|Any CPU
		{4AFDAD3C-53C6-43C7-949F-8E4A0A7FB0A0}.Release|Any CPU.ActiveCfg = Release|Any CPU
		{4AFDAD3C-53C6-43C7-949F-8E4A0A7FB0A0}.Release|Any CPU.Build.0 = Release|Any CPU
		{1B9BB12E-5E90-4493-B6B1-08FFC89D9F77}.Debug|Any CPU.ActiveCfg = Debug|Any CPU
		{1B9BB12E-5E90-4493-B6B1-08FFC89D9F77}.Debug|Any CPU.Build.0 = Debug|Any CPU
		{1B9BB12E-5E90-4493-B6B1-08FFC89D9F77}.Release|Any CPU.ActiveCfg = Release|Any CPU
		{1B9BB12E-5E90-4493-B6B1-08FFC89D9F77}.Release|Any CPU.Build.0 = Release|Any CPU
	EndGlobalSection
	GlobalSection(SolutionProperties) = preSolution
		HideSolutionNode = FALSE
	EndGlobalSection
EndGlobal
