
Microsoft Visual Studio Solution File, Format Version 11.00
# Visual Studio 2010
Project("{FAE04EC0-301F-11D3-BF4B-00C04F79EFBC}") = "Sample3", "Sample3\Sample3.csproj", "{1B9BB12E-5E90-4493-B6B1-08FFC89D9F77}"
EndProject
Project("{FAE04EC0-301F-11D3-BF4B-00C04F79EFBC}") = "SampleService", "SampleService\SampleService.csproj", "{4AFDAD3C-53C6-43C7-949F-8E4A0A7FB0A0}"
EndProject
Project("{FAE04EC0-301F-11D3-BF4B-00C04F79EFBC}") = "Northwind.Data", "Northwind.Data\Northwind.Data.csproj", "{2248AF91-D547-4C9A-AA3C-E8C7613CE561}"
EndProject
Global
	GlobalSection(TeamFoundationVersionControl) = preSolution
		SccNumberOfProjects = 4
		SccEnterpriseProvider = {4CA58AB2-18FA-4F8D-95D4-32DDF27D184C}
		SccTeamFoundationServer = https://tfs.codeplex.com/tfs/tfs08
		SccLocalPath0 = .
		SccProjectUniqueName1 = Sample3\\Sample3.csproj
		SccProjectName1 = Sample3
		SccLocalPath1 = Sample3
		SccProjectUniqueName2 = SampleService\\SampleService.csproj
		SccProjectName2 = SampleService
		SccLocalPath2 = SampleService
		SccProjectUniqueName3 = Northwind.Data\\Northwind.Data.csproj
		SccProjectName3 = Northwind.Data
		SccLocalPath3 = Northwind.Data
	EndGlobalSection
	GlobalSection(SolutionConfigurationPlatforms) = preSolution
		Debug|Any CPU = Debug|Any CPU
		Release|Any CPU = Release|Any CPU
	EndGlobalSection
	GlobalSection(ProjectConfigurationPlatforms) = postSolution
		{1B9BB12E-5E90-4493-B6B1-08FFC89D9F77}.Debug|Any CPU.ActiveCfg = Debug|Any CPU
		{1B9BB12E-5E90-4493-B6B1-08FFC89D9F77}.Debug|Any CPU.Build.0 = Debug|Any CPU
		{1B9BB12E-5E90-4493-B6B1-08FFC89D9F77}.Release|Any CPU.ActiveCfg = Release|Any CPU
		{1B9BB12E-5E90-4493-B6B1-08FFC89D9F77}.Release|Any CPU.Build.0 = Release|Any CPU
		{4AFDAD3C-53C6-43C7-949F-8E4A0A7FB0A0}.Debug|Any CPU.ActiveCfg = Debug|Any CPU
		{4AFDAD3C-53C6-43C7-949F-8E4A0A7FB0A0}.Debug|Any CPU.Build.0 = Debug|Any CPU
		{4AFDAD3C-53C6-43C7-949F-8E4A0A7FB0A0}.Release|Any CPU.ActiveCfg = Release|Any CPU
		{4AFDAD3C-53C6-43C7-949F-8E4A0A7FB0A0}.Release|Any CPU.Build.0 = Release|Any CPU
		{2248AF91-D547-4C9A-AA3C-E8C7613CE561}.Debug|Any CPU.ActiveCfg = Debug|Any CPU
		{2248AF91-D547-4C9A-AA3C-E8C7613CE561}.Debug|Any CPU.Build.0 = Debug|Any CPU
		{2248AF91-D547-4C9A-AA3C-E8C7613CE561}.Release|Any CPU.ActiveCfg = Release|Any CPU
		{2248AF91-D547-4C9A-AA3C-E8C7613CE561}.Release|Any CPU.Build.0 = Release|Any CPU
	EndGlobalSection
	GlobalSection(SolutionProperties) = preSolution
		HideSolutionNode = FALSE
	EndGlobalSection
	GlobalSection(SubversionScc) = preSolution
		Svn-Managed = True
		Manager = AnkhSVN - Subversion Support for Visual Studio
	EndGlobalSection
EndGlobal
